// !$*UTF8*$!
{
	archiveVersion = 1;
	classes = {
	};
	objectVersion = 50;
	objects = {

/* Begin PBXBuildFile section */
		741110EA2187D292005AFD99 /* main.cpp in Sources */ = {isa = PBXBuildFile; fileRef = 741110E92187D292005AFD99 /* main.cpp */; };
		741110F5218A7A4E005AFD99 /* ListPointer.cpp in Sources */ = {isa = PBXBuildFile; fileRef = 741110F3218A7A4E005AFD99 /* ListPointer.cpp */; };
		7456B97C218D564100324D83 /* VByteCompression.cpp in Sources */ = {isa = PBXBuildFile; fileRef = 7456B97A218D564100324D83 /* VByteCompression.cpp */; };
		7456B97D218D564100324D83 /* VByteCompression.hpp in Sources */ = {isa = PBXBuildFile; fileRef = 7456B97B218D564100324D83 /* VByteCompression.hpp */; };
		74573412218FA9610044BE15 /* DocumentStore.cpp in Sources */ = {isa = PBXBuildFile; fileRef = 74573410218FA9610044BE15 /* DocumentStore.cpp */; };
		74573413218FA9610044BE15 /* DocumentStore.hpp in Sources */ = {isa = PBXBuildFile; fileRef = 74573411218FA9610044BE15 /* DocumentStore.hpp */; };
		74573414218FA9AC0044BE15 /* libcpp_redis.a in Frameworks */ = {isa = PBXBuildFile; fileRef = 7456B983218D568500324D83 /* libcpp_redis.a */; };
		74573415218FA9AE0044BE15 /* libtacopie.a in Frameworks */ = {isa = PBXBuildFile; fileRef = 7456B985218D568800324D83 /* libtacopie.a */; };
		747571DA2190F6A5004B00D8 /* QueryProcessor.cpp in Sources */ = {isa = PBXBuildFile; fileRef = 747571D82190F6A5004B00D8 /* QueryProcessor.cpp */; };
/* End PBXBuildFile section */

/* Begin PBXCopyFilesBuildPhase section */
		741110E42187D292005AFD99 /* CopyFiles */ = {
			isa = PBXCopyFilesBuildPhase;
			buildActionMask = 2147483647;
			dstPath = /usr/share/man/man1/;
			dstSubfolderSpec = 0;
			files = (
			);
			runOnlyForDeploymentPostprocessing = 1;
		};
/* End PBXCopyFilesBuildPhase section */

/* Begin PBXFileReference section */
		741110E62187D292005AFD99 /* QueryProcessor */ = {isa = PBXFileReference; explicitFileType = "compiled.mach-o.executable"; includeInIndex = 0; path = QueryProcessor; sourceTree = BUILT_PRODUCTS_DIR; };
		741110E92187D292005AFD99 /* main.cpp */ = {isa = PBXFileReference; lastKnownFileType = sourcecode.cpp.cpp; path = main.cpp; sourceTree = "<group>"; };
		741110F3218A7A4E005AFD99 /* ListPointer.cpp */ = {isa = PBXFileReference; lastKnownFileType = sourcecode.cpp.cpp; path = ListPointer.cpp; sourceTree = "<group>"; };
		741110F4218A7A4E005AFD99 /* ListPointer.hpp */ = {isa = PBXFileReference; lastKnownFileType = sourcecode.cpp.h; path = ListPointer.hpp; sourceTree = "<group>"; };
		7456B97A218D564100324D83 /* VByteCompression.cpp */ = {isa = PBXFileReference; lastKnownFileType = sourcecode.cpp.cpp; name = VByteCompression.cpp; path = ../IndexBuilder/IndexBuilder/VByteCompression.cpp; sourceTree = "<group>"; };
		7456B97B218D564100324D83 /* VByteCompression.hpp */ = {isa = PBXFileReference; lastKnownFileType = sourcecode.cpp.h; name = VByteCompression.hpp; path = ../IndexBuilder/IndexBuilder/VByteCompression.hpp; sourceTree = "<group>"; };
		7456B983218D568500324D83 /* libcpp_redis.a */ = {isa = PBXFileReference; lastKnownFileType = archive.ar; name = libcpp_redis.a; path = ../../../cpp_redis/build/lib/libcpp_redis.a; sourceTree = "<group>"; };
		7456B985218D568800324D83 /* libtacopie.a */ = {isa = PBXFileReference; lastKnownFileType = archive.ar; name = libtacopie.a; path = ../../../cpp_redis/build/lib/libtacopie.a; sourceTree = "<group>"; };
		74573410218FA9610044BE15 /* DocumentStore.cpp */ = {isa = PBXFileReference; lastKnownFileType = sourcecode.cpp.cpp; name = DocumentStore.cpp; path = ../IndexBuilder/IndexBuilder/DocumentStore.cpp; sourceTree = "<group>"; };
		74573411218FA9610044BE15 /* DocumentStore.hpp */ = {isa = PBXFileReference; lastKnownFileType = sourcecode.cpp.h; name = DocumentStore.hpp; path = ../IndexBuilder/IndexBuilder/DocumentStore.hpp; sourceTree = "<group>"; };
		747571D82190F6A5004B00D8 /* QueryProcessor.cpp */ = {isa = PBXFileReference; lastKnownFileType = sourcecode.cpp.cpp; path = QueryProcessor.cpp; sourceTree = "<group>"; };
		747571D92190F6A5004B00D8 /* QueryProcessor.hpp */ = {isa = PBXFileReference; lastKnownFileType = sourcecode.cpp.h; path = QueryProcessor.hpp; sourceTree = "<group>"; };
/* End PBXFileReference section */

/* Begin PBXFrameworksBuildPhase section */
		741110E32187D292005AFD99 /* Frameworks */ = {
			isa = PBXFrameworksBuildPhase;
			buildActionMask = 2147483647;
			files = (
				74573414218FA9AC0044BE15 /* libcpp_redis.a in Frameworks */,
				74573415218FA9AE0044BE15 /* libtacopie.a in Frameworks */,
			);
			runOnlyForDeploymentPostprocessing = 0;
		};
/* End PBXFrameworksBuildPhase section */

/* Begin PBXGroup section */
		741110DD2187D292005AFD99 = {
			isa = PBXGroup;
			children = (
				74573410218FA9610044BE15 /* DocumentStore.cpp */,
				74573411218FA9610044BE15 /* DocumentStore.hpp */,
				7456B97A218D564100324D83 /* VByteCompression.cpp */,
				7456B97B218D564100324D83 /* VByteCompression.hpp */,
				741110E82187D292005AFD99 /* QueryProcessor */,
				741110E72187D292005AFD99 /* Products */,
				7456B982218D568500324D83 /* Frameworks */,
			);
			sourceTree = "<group>";
		};
		741110E72187D292005AFD99 /* Products */ = {
			isa = PBXGroup;
			children = (
				741110E62187D292005AFD99 /* QueryProcessor */,
			);
			name = Products;
			sourceTree = "<group>";
		};
		741110E82187D292005AFD99 /* QueryProcessor */ = {
			isa = PBXGroup;
			children = (
				741110E92187D292005AFD99 /* main.cpp */,
				741110F3218A7A4E005AFD99 /* ListPointer.cpp */,
				741110F4218A7A4E005AFD99 /* ListPointer.hpp */,
				747571D82190F6A5004B00D8 /* QueryProcessor.cpp */,
				747571D92190F6A5004B00D8 /* QueryProcessor.hpp */,
			);
			path = QueryProcessor;
			sourceTree = "<group>";
		};
		7456B982218D568500324D83 /* Frameworks */ = {
			isa = PBXGroup;
			children = (
				7456B985218D568800324D83 /* libtacopie.a */,
				7456B983218D568500324D83 /* libcpp_redis.a */,
			);
			name = Frameworks;
			sourceTree = "<group>";
		};
/* End PBXGroup section */

/* Begin PBXNativeTarget section */
		741110E52187D292005AFD99 /* QueryProcessor */ = {
			isa = PBXNativeTarget;
			buildConfigurationList = 741110ED2187D292005AFD99 /* Build configuration list for PBXNativeTarget "QueryProcessor" */;
			buildPhases = (
				741110E22187D292005AFD99 /* Sources */,
				741110E32187D292005AFD99 /* Frameworks */,
				741110E42187D292005AFD99 /* CopyFiles */,
			);
			buildRules = (
			);
			dependencies = (
			);
			name = QueryProcessor;
			productName = QueryProcessor;
			productReference = 741110E62187D292005AFD99 /* QueryProcessor */;
			productType = "com.apple.product-type.tool";
		};
/* End PBXNativeTarget section */

/* Begin PBXProject section */
		741110DE2187D292005AFD99 /* Project object */ = {
			isa = PBXProject;
			attributes = {
				LastUpgradeCheck = 1000;
				ORGANIZATIONNAME = "Hieu Do";
				TargetAttributes = {
					741110E52187D292005AFD99 = {
						CreatedOnToolsVersion = 10.0;
					};
				};
			};
			buildConfigurationList = 741110E12187D292005AFD99 /* Build configuration list for PBXProject "QueryProcessor" */;
			compatibilityVersion = "Xcode 9.3";
			developmentRegion = en;
			hasScannedForEncodings = 0;
			knownRegions = (
				en,
			);
			mainGroup = 741110DD2187D292005AFD99;
			productRefGroup = 741110E72187D292005AFD99 /* Products */;
			projectDirPath = "";
			projectRoot = "";
			targets = (
				741110E52187D292005AFD99 /* QueryProcessor */,
			);
		};
/* End PBXProject section */

/* Begin PBXSourcesBuildPhase section */
		741110E22187D292005AFD99 /* Sources */ = {
			isa = PBXSourcesBuildPhase;
			buildActionMask = 2147483647;
			files = (
				74573412218FA9610044BE15 /* DocumentStore.cpp in Sources */,
				74573413218FA9610044BE15 /* DocumentStore.hpp in Sources */,
				7456B97C218D564100324D83 /* VByteCompression.cpp in Sources */,
				7456B97D218D564100324D83 /* VByteCompression.hpp in Sources */,
				741110EA2187D292005AFD99 /* main.cpp in Sources */,
				747571DA2190F6A5004B00D8 /* QueryProcessor.cpp in Sources */,
				741110F5218A7A4E005AFD99 /* ListPointer.cpp in Sources */,
			);
			runOnlyForDeploymentPostprocessing = 0;
		};
/* End PBXSourcesBuildPhase section */

/* Begin XCBuildConfiguration section */
		741110EB2187D292005AFD99 /* Debug */ = {
			isa = XCBuildConfiguration;
			buildSettings = {
				ALWAYS_SEARCH_USER_PATHS = NO;
				CLANG_ANALYZER_NONNULL = YES;
				CLANG_ANALYZER_NUMBER_OBJECT_CONVERSION = YES_AGGRESSIVE;
				CLANG_CXX_LANGUAGE_STANDARD = "gnu++14";
				CLANG_CXX_LIBRARY = "libc++";
				CLANG_ENABLE_MODULES = YES;
				CLANG_ENABLE_OBJC_ARC = YES;
				CLANG_ENABLE_OBJC_WEAK = YES;
				CLANG_WARN_BLOCK_CAPTURE_AUTORELEASING = YES;
				CLANG_WARN_BOOL_CONVERSION = YES;
				CLANG_WARN_COMMA = YES;
				CLANG_WARN_CONSTANT_CONVERSION = YES;
				CLANG_WARN_DEPRECATED_OBJC_IMPLEMENTATIONS = YES;
				CLANG_WARN_DIRECT_OBJC_ISA_USAGE = YES_ERROR;
				CLANG_WARN_DOCUMENTATION_COMMENTS = YES;
				CLANG_WARN_EMPTY_BODY = YES;
				CLANG_WARN_ENUM_CONVERSION = YES;
				CLANG_WARN_INFINITE_RECURSION = YES;
				CLANG_WARN_INT_CONVERSION = YES;
				CLANG_WARN_NON_LITERAL_NULL_CONVERSION = YES;
				CLANG_WARN_OBJC_IMPLICIT_RETAIN_SELF = YES;
				CLANG_WARN_OBJC_LITERAL_CONVERSION = YES;
				CLANG_WARN_OBJC_ROOT_CLASS = YES_ERROR;
				CLANG_WARN_RANGE_LOOP_ANALYSIS = YES;
				CLANG_WARN_STRICT_PROTOTYPES = YES;
				CLANG_WARN_SUSPICIOUS_MOVE = YES;
				CLANG_WARN_UNGUARDED_AVAILABILITY = YES_AGGRESSIVE;
				CLANG_WARN_UNREACHABLE_CODE = YES;
				CLANG_WARN__DUPLICATE_METHOD_MATCH = YES;
				CODE_SIGN_IDENTITY = "-";
				COPY_PHASE_STRIP = NO;
				DEBUG_INFORMATION_FORMAT = dwarf;
				ENABLE_STRICT_OBJC_MSGSEND = YES;
				ENABLE_TESTABILITY = YES;
				GCC_C_LANGUAGE_STANDARD = gnu11;
				GCC_DYNAMIC_NO_PIC = NO;
				GCC_NO_COMMON_BLOCKS = YES;
				GCC_OPTIMIZATION_LEVEL = 0;
				GCC_PREPROCESSOR_DEFINITIONS = (
					"DEBUG=1",
					"$(inherited)",
				);
				GCC_WARN_64_TO_32_BIT_CONVERSION = YES;
				GCC_WARN_ABOUT_RETURN_TYPE = YES_ERROR;
				GCC_WARN_UNDECLARED_SELECTOR = YES;
				GCC_WARN_UNINITIALIZED_AUTOS = YES_AGGRESSIVE;
				GCC_WARN_UNUSED_FUNCTION = YES;
				GCC_WARN_UNUSED_VARIABLE = YES;
				MACOSX_DEPLOYMENT_TARGET = 10.13;
				MTL_ENABLE_DEBUG_INFO = INCLUDE_SOURCE;
				MTL_FAST_MATH = YES;
				ONLY_ACTIVE_ARCH = YES;
				SDKROOT = macosx;
			};
			name = Debug;
		};
		741110EC2187D292005AFD99 /* Release */ = {
			isa = XCBuildConfiguration;
			buildSettings = {
				ALWAYS_SEARCH_USER_PATHS = NO;
				CLANG_ANALYZER_NONNULL = YES;
				CLANG_ANALYZER_NUMBER_OBJECT_CONVERSION = YES_AGGRESSIVE;
				CLANG_CXX_LANGUAGE_STANDARD = "gnu++14";
				CLANG_CXX_LIBRARY = "libc++";
				CLANG_ENABLE_MODULES = YES;
				CLANG_ENABLE_OBJC_ARC = YES;
				CLANG_ENABLE_OBJC_WEAK = YES;
				CLANG_WARN_BLOCK_CAPTURE_AUTORELEASING = YES;
				CLANG_WARN_BOOL_CONVERSION = YES;
				CLANG_WARN_COMMA = YES;
				CLANG_WARN_CONSTANT_CONVERSION = YES;
				CLANG_WARN_DEPRECATED_OBJC_IMPLEMENTATIONS = YES;
				CLANG_WARN_DIRECT_OBJC_ISA_USAGE = YES_ERROR;
				CLANG_WARN_DOCUMENTATION_COMMENTS = YES;
				CLANG_WARN_EMPTY_BODY = YES;
				CLANG_WARN_ENUM_CONVERSION = YES;
				CLANG_WARN_INFINITE_RECURSION = YES;
				CLANG_WARN_INT_CONVERSION = YES;
				CLANG_WARN_NON_LITERAL_NULL_CONVERSION = YES;
				CLANG_WARN_OBJC_IMPLICIT_RETAIN_SELF = YES;
				CLANG_WARN_OBJC_LITERAL_CONVERSION = YES;
				CLANG_WARN_OBJC_ROOT_CLASS = YES_ERROR;
				CLANG_WARN_RANGE_LOOP_ANALYSIS = YES;
				CLANG_WARN_STRICT_PROTOTYPES = YES;
				CLANG_WARN_SUSPICIOUS_MOVE = YES;
				CLANG_WARN_UNGUARDED_AVAILABILITY = YES_AGGRESSIVE;
				CLANG_WARN_UNREACHABLE_CODE = YES;
				CLANG_WARN__DUPLICATE_METHOD_MATCH = YES;
				CODE_SIGN_IDENTITY = "-";
				COPY_PHASE_STRIP = NO;
				DEBUG_INFORMATION_FORMAT = "dwarf-with-dsym";
				ENABLE_NS_ASSERTIONS = NO;
				ENABLE_STRICT_OBJC_MSGSEND = YES;
				GCC_C_LANGUAGE_STANDARD = gnu11;
				GCC_NO_COMMON_BLOCKS = YES;
				GCC_WARN_64_TO_32_BIT_CONVERSION = YES;
				GCC_WARN_ABOUT_RETURN_TYPE = YES_ERROR;
				GCC_WARN_UNDECLARED_SELECTOR = YES;
				GCC_WARN_UNINITIALIZED_AUTOS = YES_AGGRESSIVE;
				GCC_WARN_UNUSED_FUNCTION = YES;
				GCC_WARN_UNUSED_VARIABLE = YES;
				MACOSX_DEPLOYMENT_TARGET = 10.13;
				MTL_ENABLE_DEBUG_INFO = NO;
				MTL_FAST_MATH = YES;
				SDKROOT = macosx;
			};
			name = Release;
		};
		741110EE2187D292005AFD99 /* Debug */ = {
			isa = XCBuildConfiguration;
			buildSettings = {
				CLANG_CXX_LANGUAGE_STANDARD = "c++17";
				CODE_SIGN_STYLE = Automatic;
				FRAMEWORK_SEARCH_PATHS = /Users/hieudosy/cpp_redis/build/lib;
				HEADER_SEARCH_PATHS = /usr/local/include;
				OTHER_LDFLAGS = (
					"-lsqlite3",
					"-lcpp_redis",
					"-L/Users/hieudosy/cpp_redis/build/lib",
				);
				PRODUCT_NAME = "$(TARGET_NAME)";
			};
			name = Debug;
		};
		741110EF2187D292005AFD99 /* Release */ = {
			isa = XCBuildConfiguration;
			buildSettings = {
				CLANG_CXX_LANGUAGE_STANDARD = "c++17";
				CODE_SIGN_STYLE = Automatic;
				FRAMEWORK_SEARCH_PATHS = /Users/hieudosy/cpp_redis/build/lib;
				GCC_OPTIMIZATION_LEVEL = fast;
				HEADER_SEARCH_PATHS = /usr/local/include;
				OTHER_LDFLAGS = (
					"-lsqlite3",
					"-lcpp_redis",
					"-L/Users/hieudosy/cpp_redis/build/lib",
				);
				PRODUCT_NAME = "$(TARGET_NAME)";
			};
			name = Release;
		};
/* End XCBuildConfiguration section */

/* Begin XCConfigurationList section */
		741110E12187D292005AFD99 /* Build configuration list for PBXProject "QueryProcessor" */ = {
			isa = XCConfigurationList;
			buildConfigurations = (
				741110EB2187D292005AFD99 /* Debug */,
				741110EC2187D292005AFD99 /* Release */,
			);
			defaultConfigurationIsVisible = 0;
			defaultConfigurationName = Release;
		};
		741110ED2187D292005AFD99 /* Build configuration list for PBXNativeTarget "QueryProcessor" */ = {
			isa = XCConfigurationList;
			buildConfigurations = (
				741110EE2187D292005AFD99 /* Debug */,
				741110EF2187D292005AFD99 /* Release */,
			);
			defaultConfigurationIsVisible = 0;
			defaultConfigurationName = Release;
		};
/* End XCConfigurationList section */
	};
	rootObject = 741110DE2187D292005AFD99 /* Project object */;
}
